
Microsoft Visual Studio Solution File, Format Version 12.00
# Visual Studio 2012
Project("{FAE04EC0-301F-11D3-BF4B-00C04F79EFBC}") = "Pages", "Pages\Pages.csproj", "{4B7F3CCA-C919-4D00-BD7E-36C21572AA3B}"
EndProject
Project("{FAE04EC0-301F-11D3-BF4B-00C04F79EFBC}") = "Pages.iOS", "iOS\Pages.iOS.csproj", "{F8F98D89-6103-418D-B56D-66B75AEBE49A}"
EndProject
Project("{FAE04EC0-301F-11D3-BF4B-00C04F79EFBC}") = "Pages.Droid", "Droid\Pages.Droid.csproj", "{A01929B5-A168-41A9-9E44-CA75F145E6CC}"
EndProject
Global
	GlobalSection(SolutionConfigurationPlatforms) = preSolution
		Debug|Any CPU = Debug|Any CPU
		Release|Any CPU = Release|Any CPU
		Debug|iPhoneSimulator = Debug|iPhoneSimulator
		Release|iPhone = Release|iPhone
		Release|iPhoneSimulator = Release|iPhoneSimulator
		Debug|iPhone = Debug|iPhone
	EndGlobalSection
	GlobalSection(ProjectConfigurationPlatforms) = postSolution
		{4B7F3CCA-C919-4D00-BD7E-36C21572AA3B}.Debug|Any CPU.ActiveCfg = Debug|Any CPU
		{4B7F3CCA-C919-4D00-BD7E-36C21572AA3B}.Debug|Any CPU.Build.0 = Debug|Any CPU
		{4B7F3CCA-C919-4D00-BD7E-36C21572AA3B}.Release|Any CPU.ActiveCfg = Release|Any CPU
		{4B7F3CCA-C919-4D00-BD7E-36C21572AA3B}.Release|Any CPU.Build.0 = Release|Any CPU
		{4B7F3CCA-C919-4D00-BD7E-36C21572AA3B}.Debug|iPhoneSimulator.ActiveCfg = Debug|Any CPU
		{4B7F3CCA-C919-4D00-BD7E-36C21572AA3B}.Debug|iPhoneSimulator.Build.0 = Debug|Any CPU
		{4B7F3CCA-C919-4D00-BD7E-36C21572AA3B}.Release|iPhone.ActiveCfg = Release|Any CPU
		{4B7F3CCA-C919-4D00-BD7E-36C21572AA3B}.Release|iPhone.Build.0 = Release|Any CPU
		{4B7F3CCA-C919-4D00-BD7E-36C21572AA3B}.Release|iPhoneSimulator.ActiveCfg = Release|Any CPU
		{4B7F3CCA-C919-4D00-BD7E-36C21572AA3B}.Release|iPhoneSimulator.Build.0 = Release|Any CPU
		{4B7F3CCA-C919-4D00-BD7E-36C21572AA3B}.Debug|iPhone.ActiveCfg = Debug|Any CPU
		{4B7F3CCA-C919-4D00-BD7E-36C21572AA3B}.Debug|iPhone.Build.0 = Debug|Any CPU
		{F8F98D89-6103-418D-B56D-66B75AEBE49A}.Debug|Any CPU.ActiveCfg = Debug|iPhoneSimulator
		{F8F98D89-6103-418D-B56D-66B75AEBE49A}.Debug|Any CPU.Build.0 = Debug|iPhoneSimulator
		{F8F98D89-6103-418D-B56D-66B75AEBE49A}.Release|Any CPU.ActiveCfg = Release|iPhone
		{F8F98D89-6103-418D-B56D-66B75AEBE49A}.Release|Any CPU.Build.0 = Release|iPhone
		{F8F98D89-6103-418D-B56D-66B75AEBE49A}.Debug|iPhoneSimulator.ActiveCfg = Debug|iPhoneSimulator
		{F8F98D89-6103-418D-B56D-66B75AEBE49A}.Debug|iPhoneSimulator.Build.0 = Debug|iPhoneSimulator
		{F8F98D89-6103-418D-B56D-66B75AEBE49A}.Release|iPhone.ActiveCfg = Release|iPhone
		{F8F98D89-6103-418D-B56D-66B75AEBE49A}.Release|iPhone.Build.0 = Release|iPhone
		{F8F98D89-6103-418D-B56D-66B75AEBE49A}.Release|iPhoneSimulator.ActiveCfg = Release|iPhoneSimulator
		{F8F98D89-6103-418D-B56D-66B75AEBE49A}.Release|iPhoneSimulator.Build.0 = Release|iPhoneSimulator
		{F8F98D89-6103-418D-B56D-66B75AEBE49A}.Debug|iPhone.ActiveCfg = Debug|iPhone
		{F8F98D89-6103-418D-B56D-66B75AEBE49A}.Debug|iPhone.Build.0 = Debug|iPhone
		{A01929B5-A168-41A9-9E44-CA75F145E6CC}.Debug|Any CPU.ActiveCfg = Debug|Any CPU
		{A01929B5-A168-41A9-9E44-CA75F145E6CC}.Debug|Any CPU.Build.0 = Debug|Any CPU
		{A01929B5-A168-41A9-9E44-CA75F145E6CC}.Release|Any CPU.ActiveCfg = Release|Any CPU
		{A01929B5-A168-41A9-9E44-CA75F145E6CC}.Release|Any CPU.Build.0 = Release|Any CPU
		{A01929B5-A168-41A9-9E44-CA75F145E6CC}.Debug|iPhoneSimulator.ActiveCfg = Debug|Any CPU
		{A01929B5-A168-41A9-9E44-CA75F145E6CC}.Debug|iPhoneSimulator.Build.0 = Debug|Any CPU
		{A01929B5-A168-41A9-9E44-CA75F145E6CC}.Release|iPhone.ActiveCfg = Release|Any CPU
		{A01929B5-A168-41A9-9E44-CA75F145E6CC}.Release|iPhone.Build.0 = Release|Any CPU
		{A01929B5-A168-41A9-9E44-CA75F145E6CC}.Release|iPhoneSimulator.ActiveCfg = Release|Any CPU
		{A01929B5-A168-41A9-9E44-CA75F145E6CC}.Release|iPhoneSimulator.Build.0 = Release|Any CPU
		{A01929B5-A168-41A9-9E44-CA75F145E6CC}.Debug|iPhone.ActiveCfg = Debug|Any CPU
		{A01929B5-A168-41A9-9E44-CA75F145E6CC}.Debug|iPhone.Build.0 = Debug|Any CPU
	EndGlobalSection
EndGlobal
